// !$*UTF8*$!
{
	archiveVersion = 1;
	classes = {
	};
	objectVersion = 48;
	objects = {

/* Begin PBXBuildFile section */
		951731361FB35FBF00B8DF72 /* Alamofire.framework in Frameworks */ = {isa = PBXBuildFile; fileRef = 958E9C111F7D5E8E00EE89B7 /* Alamofire.framework */; };
		951731371FB35FBF00B8DF72 /* Alamofire.framework in Embed Frameworks */ = {isa = PBXBuildFile; fileRef = 958E9C111F7D5E8E00EE89B7 /* Alamofire.framework */; settings = {ATTRIBUTES = (CodeSignOnCopy, RemoveHeadersOnCopy, ); }; };
		9540A4611F7AE85300CBCBF7 /* AppDelegate.swift in Sources */ = {isa = PBXBuildFile; fileRef = 9540A4601F7AE85300CBCBF7 /* AppDelegate.swift */; };
		9540A4631F7AE85300CBCBF7 /* FormViewController.swift in Sources */ = {isa = PBXBuildFile; fileRef = 9540A4621F7AE85300CBCBF7 /* FormViewController.swift */; };
		9540A4661F7AE85300CBCBF7 /* Main.storyboard in Resources */ = {isa = PBXBuildFile; fileRef = 9540A4641F7AE85300CBCBF7 /* Main.storyboard */; };
		9540A4691F7AE85300CBCBF7 /* SprintForm.xcdatamodeld in Sources */ = {isa = PBXBuildFile; fileRef = 9540A4671F7AE85300CBCBF7 /* SprintForm.xcdatamodeld */; };
		9540A46B1F7AE85300CBCBF7 /* Assets.xcassets in Resources */ = {isa = PBXBuildFile; fileRef = 9540A46A1F7AE85300CBCBF7 /* Assets.xcassets */; };
		9540A46E1F7AE85300CBCBF7 /* LaunchScreen.storyboard in Resources */ = {isa = PBXBuildFile; fileRef = 9540A46C1F7AE85300CBCBF7 /* LaunchScreen.storyboard */; };
		9540A4791F7AE85300CBCBF7 /* SprintFormTests.swift in Sources */ = {isa = PBXBuildFile; fileRef = 9540A4781F7AE85300CBCBF7 /* SprintFormTests.swift */; };
		9540A4841F7AE85300CBCBF7 /* SprintFormUITests.swift in Sources */ = {isa = PBXBuildFile; fileRef = 9540A4831F7AE85300CBCBF7 /* SprintFormUITests.swift */; };
		9540A4C11F7AEE8B00CBCBF7 /* Sprint Sans Web-Black Italic.ttf in Resources */ = {isa = PBXBuildFile; fileRef = 9540A4991F7AEDFF00CBCBF7 /* Sprint Sans Web-Black Italic.ttf */; };
		9540A4C61F7AEE8B00CBCBF7 /* Sprint Sans Web-Black.ttf in Resources */ = {isa = PBXBuildFile; fileRef = 9540A49E1F7AEDFF00CBCBF7 /* Sprint Sans Web-Black.ttf */; };
		9540A4CB1F7AEE8B00CBCBF7 /* Sprint Sans Web-Bold Italic.ttf in Resources */ = {isa = PBXBuildFile; fileRef = 9540A4A31F7AEDFF00CBCBF7 /* Sprint Sans Web-Bold Italic.ttf */; };
		9540A4D01F7AEE8B00CBCBF7 /* Sprint Sans Web-Bold.ttf in Resources */ = {isa = PBXBuildFile; fileRef = 9540A4A81F7AEDFF00CBCBF7 /* Sprint Sans Web-Bold.ttf */; };
		9540A4D51F7AEE8B00CBCBF7 /* Sprint Sans Web-Medium Italic.ttf in Resources */ = {isa = PBXBuildFile; fileRef = 9540A4AD1F7AEDFF00CBCBF7 /* Sprint Sans Web-Medium Italic.ttf */; };
		9540A4DA1F7AEE8B00CBCBF7 /* Sprint Sans Web-Medium.ttf in Resources */ = {isa = PBXBuildFile; fileRef = 9540A4B21F7AEDFF00CBCBF7 /* Sprint Sans Web-Medium.ttf */; };
		9540A4DF1F7AEE8B00CBCBF7 /* Sprint Sans Web-Regular Italic.ttf in Resources */ = {isa = PBXBuildFile; fileRef = 9540A4B71F7AEDFF00CBCBF7 /* Sprint Sans Web-Regular Italic.ttf */; };
		9540A4E41F7AEE8B00CBCBF7 /* Sprint Sans Web-Regular.ttf in Resources */ = {isa = PBXBuildFile; fileRef = 9540A4BC1F7AEDFF00CBCBF7 /* Sprint Sans Web-Regular.ttf */; };
		958E9BEF1F7C2F7C00EE89B7 /* LeftPaddedTextField.swift in Sources */ = {isa = PBXBuildFile; fileRef = 958E9BEE1F7C2F7C00EE89B7 /* LeftPaddedTextField.swift */; };
		958E9BF11F7C3B0A00EE89B7 /* PickerTriggerButton.swift in Sources */ = {isa = PBXBuildFile; fileRef = 958E9BF01F7C3B0A00EE89B7 /* PickerTriggerButton.swift */; };
		958E9BF31F7C443E00EE89B7 /* States.plist in Resources */ = {isa = PBXBuildFile; fileRef = 958E9BF21F7C443E00EE89B7 /* States.plist */; };
		958E9BF71F7D3C2D00EE89B7 /* ThankYouViewController.swift in Sources */ = {isa = PBXBuildFile; fileRef = 958E9BF61F7D3C2D00EE89B7 /* ThankYouViewController.swift */; };
		958E9C161F7D70EE00EE89B7 /* DataManager.swift in Sources */ = {isa = PBXBuildFile; fileRef = 958E9C151F7D70EE00EE89B7 /* DataManager.swift */; };
		95952D931F8F9B2900ECAB5B /* InstallViewController.swift in Sources */ = {isa = PBXBuildFile; fileRef = 95952D921F8F9B2900ECAB5B /* InstallViewController.swift */; };
/* End PBXBuildFile section */

/* Begin PBXContainerItemProxy section */
		951731281FB35F3600B8DF72 /* PBXContainerItemProxy */ = {
			isa = PBXContainerItemProxy;
			containerPortal = 9517311D1FB35F3600B8DF72 /* Alamofire.xcodeproj */;
			proxyType = 2;
			remoteGlobalIDString = F8111E3319A95C8B0040E7D1;
			remoteInfo = "Alamofire iOS";
		};
		9517312A1FB35F3600B8DF72 /* PBXContainerItemProxy */ = {
			isa = PBXContainerItemProxy;
			containerPortal = 9517311D1FB35F3600B8DF72 /* Alamofire.xcodeproj */;
			proxyType = 2;
			remoteGlobalIDString = F8111E3E19A95C8B0040E7D1;
			remoteInfo = "Alamofire iOS Tests";
		};
		9517312C1FB35F3600B8DF72 /* PBXContainerItemProxy */ = {
			isa = PBXContainerItemProxy;
			containerPortal = 9517311D1FB35F3600B8DF72 /* Alamofire.xcodeproj */;
			proxyType = 2;
			remoteGlobalIDString = 4DD67C0B1A5C55C900ED2280;
			remoteInfo = "Alamofire macOS";
		};
		9517312E1FB35F3600B8DF72 /* PBXContainerItemProxy */ = {
			isa = PBXContainerItemProxy;
			containerPortal = 9517311D1FB35F3600B8DF72 /* Alamofire.xcodeproj */;
			proxyType = 2;
			remoteGlobalIDString = F829C6B21A7A94F100A2CD59;
			remoteInfo = "Alamofire macOS Tests";
		};
		951731301FB35F3600B8DF72 /* PBXContainerItemProxy */ = {
			isa = PBXContainerItemProxy;
			containerPortal = 9517311D1FB35F3600B8DF72 /* Alamofire.xcodeproj */;
			proxyType = 2;
			remoteGlobalIDString = 4CF626EF1BA7CB3E0011A099;
			remoteInfo = "Alamofire tvOS";
		};
		951731321FB35F3600B8DF72 /* PBXContainerItemProxy */ = {
			isa = PBXContainerItemProxy;
			containerPortal = 9517311D1FB35F3600B8DF72 /* Alamofire.xcodeproj */;
			proxyType = 2;
			remoteGlobalIDString = 4CF626F81BA7CB3E0011A099;
			remoteInfo = "Alamofire tvOS Tests";
		};
		951731341FB35F3600B8DF72 /* PBXContainerItemProxy */ = {
			isa = PBXContainerItemProxy;
			containerPortal = 9517311D1FB35F3600B8DF72 /* Alamofire.xcodeproj */;
			proxyType = 2;
			remoteGlobalIDString = E4202FE01B667AA100C997FB;
			remoteInfo = "Alamofire watchOS";
		};
		9540A4751F7AE85300CBCBF7 /* PBXContainerItemProxy */ = {
			isa = PBXContainerItemProxy;
			containerPortal = 9540A4551F7AE85300CBCBF7 /* Project object */;
			proxyType = 1;
			remoteGlobalIDString = 9540A45C1F7AE85300CBCBF7;
			remoteInfo = SprintForm;
		};
		9540A4801F7AE85300CBCBF7 /* PBXContainerItemProxy */ = {
			isa = PBXContainerItemProxy;
			containerPortal = 9540A4551F7AE85300CBCBF7 /* Project object */;
			proxyType = 1;
			remoteGlobalIDString = 9540A45C1F7AE85300CBCBF7;
			remoteInfo = SprintForm;
		};
/* End PBXContainerItemProxy section */

/* Begin PBXCopyFilesBuildPhase section */
		951731381FB35FBF00B8DF72 /* Embed Frameworks */ = {
			isa = PBXCopyFilesBuildPhase;
			buildActionMask = 2147483647;
			dstPath = "";
			dstSubfolderSpec = 10;
			files = (
				951731371FB35FBF00B8DF72 /* Alamofire.framework in Embed Frameworks */,
			);
			name = "Embed Frameworks";
			runOnlyForDeploymentPostprocessing = 0;
		};
/* End PBXCopyFilesBuildPhase section */

/* Begin PBXFileReference section */
		9517311D1FB35F3600B8DF72 /* Alamofire.xcodeproj */ = {isa = PBXFileReference; lastKnownFileType = "wrapper.pb-project"; name = Alamofire.xcodeproj; path = Alamofire/Alamofire.xcodeproj; sourceTree = "<group>"; };
		9540A45D1F7AE85300CBCBF7 /* Sprint Form.app */ = {isa = PBXFileReference; explicitFileType = wrapper.application; includeInIndex = 0; path = "Sprint Form.app"; sourceTree = BUILT_PRODUCTS_DIR; };
		9540A4601F7AE85300CBCBF7 /* AppDelegate.swift */ = {isa = PBXFileReference; lastKnownFileType = sourcecode.swift; path = AppDelegate.swift; sourceTree = "<group>"; };
		9540A4621F7AE85300CBCBF7 /* FormViewController.swift */ = {isa = PBXFileReference; lastKnownFileType = sourcecode.swift; path = FormViewController.swift; sourceTree = "<group>"; };
		9540A4651F7AE85300CBCBF7 /* Base */ = {isa = PBXFileReference; lastKnownFileType = file.storyboard; name = Base; path = Base.lproj/Main.storyboard; sourceTree = "<group>"; };
		9540A4681F7AE85300CBCBF7 /* SprintForm.xcdatamodel */ = {isa = PBXFileReference; lastKnownFileType = wrapper.xcdatamodel; path = SprintForm.xcdatamodel; sourceTree = "<group>"; };
		9540A46A1F7AE85300CBCBF7 /* Assets.xcassets */ = {isa = PBXFileReference; lastKnownFileType = folder.assetcatalog; path = Assets.xcassets; sourceTree = "<group>"; };
		9540A46D1F7AE85300CBCBF7 /* Base */ = {isa = PBXFileReference; lastKnownFileType = file.storyboard; name = Base; path = Base.lproj/LaunchScreen.storyboard; sourceTree = "<group>"; };
		9540A46F1F7AE85300CBCBF7 /* Info.plist */ = {isa = PBXFileReference; lastKnownFileType = text.plist.xml; path = Info.plist; sourceTree = "<group>"; };
		9540A4741F7AE85300CBCBF7 /* SprintFormTests.xctest */ = {isa = PBXFileReference; explicitFileType = wrapper.cfbundle; includeInIndex = 0; path = SprintFormTests.xctest; sourceTree = BUILT_PRODUCTS_DIR; };
		9540A4781F7AE85300CBCBF7 /* SprintFormTests.swift */ = {isa = PBXFileReference; lastKnownFileType = sourcecode.swift; path = SprintFormTests.swift; sourceTree = "<group>"; };
		9540A47A1F7AE85300CBCBF7 /* Info.plist */ = {isa = PBXFileReference; lastKnownFileType = text.plist.xml; path = Info.plist; sourceTree = "<group>"; };
		9540A47F1F7AE85300CBCBF7 /* SprintFormUITests.xctest */ = {isa = PBXFileReference; explicitFileType = wrapper.cfbundle; includeInIndex = 0; path = SprintFormUITests.xctest; sourceTree = BUILT_PRODUCTS_DIR; };
		9540A4831F7AE85300CBCBF7 /* SprintFormUITests.swift */ = {isa = PBXFileReference; lastKnownFileType = sourcecode.swift; path = SprintFormUITests.swift; sourceTree = "<group>"; };
		9540A4851F7AE85300CBCBF7 /* Info.plist */ = {isa = PBXFileReference; lastKnownFileType = text.plist.xml; path = Info.plist; sourceTree = "<group>"; };
		9540A4991F7AEDFF00CBCBF7 /* Sprint Sans Web-Black Italic.ttf */ = {isa = PBXFileReference; lastKnownFileType = file; path = "Sprint Sans Web-Black Italic.ttf"; sourceTree = "<group>"; };
		9540A49E1F7AEDFF00CBCBF7 /* Sprint Sans Web-Black.ttf */ = {isa = PBXFileReference; lastKnownFileType = file; path = "Sprint Sans Web-Black.ttf"; sourceTree = "<group>"; };
		9540A4A31F7AEDFF00CBCBF7 /* Sprint Sans Web-Bold Italic.ttf */ = {isa = PBXFileReference; lastKnownFileType = file; path = "Sprint Sans Web-Bold Italic.ttf"; sourceTree = "<group>"; };
		9540A4A81F7AEDFF00CBCBF7 /* Sprint Sans Web-Bold.ttf */ = {isa = PBXFileReference; lastKnownFileType = file; path = "Sprint Sans Web-Bold.ttf"; sourceTree = "<group>"; };
		9540A4AD1F7AEDFF00CBCBF7 /* Sprint Sans Web-Medium Italic.ttf */ = {isa = PBXFileReference; lastKnownFileType = file; path = "Sprint Sans Web-Medium Italic.ttf"; sourceTree = "<group>"; };
		9540A4B21F7AEDFF00CBCBF7 /* Sprint Sans Web-Medium.ttf */ = {isa = PBXFileReference; lastKnownFileType = file; path = "Sprint Sans Web-Medium.ttf"; sourceTree = "<group>"; };
		9540A4B71F7AEDFF00CBCBF7 /* Sprint Sans Web-Regular Italic.ttf */ = {isa = PBXFileReference; lastKnownFileType = file; path = "Sprint Sans Web-Regular Italic.ttf"; sourceTree = "<group>"; };
		9540A4BC1F7AEDFF00CBCBF7 /* Sprint Sans Web-Regular.ttf */ = {isa = PBXFileReference; lastKnownFileType = file; path = "Sprint Sans Web-Regular.ttf"; sourceTree = "<group>"; };
		958E9BEE1F7C2F7C00EE89B7 /* LeftPaddedTextField.swift */ = {isa = PBXFileReference; lastKnownFileType = sourcecode.swift; path = LeftPaddedTextField.swift; sourceTree = "<group>"; };
		958E9BF01F7C3B0A00EE89B7 /* PickerTriggerButton.swift */ = {isa = PBXFileReference; fileEncoding = 4; lastKnownFileType = sourcecode.swift; path = PickerTriggerButton.swift; sourceTree = "<group>"; };
		958E9BF21F7C443E00EE89B7 /* States.plist */ = {isa = PBXFileReference; fileEncoding = 4; lastKnownFileType = text.plist.xml; path = States.plist; sourceTree = "<group>"; };
		958E9BF61F7D3C2D00EE89B7 /* ThankYouViewController.swift */ = {isa = PBXFileReference; lastKnownFileType = sourcecode.swift; path = ThankYouViewController.swift; sourceTree = "<group>"; };
		958E9C111F7D5E8E00EE89B7 /* Alamofire.framework */ = {isa = PBXFileReference; explicitFileType = wrapper.framework; path = Alamofire.framework; sourceTree = BUILT_PRODUCTS_DIR; };
		958E9C151F7D70EE00EE89B7 /* DataManager.swift */ = {isa = PBXFileReference; lastKnownFileType = sourcecode.swift; path = DataManager.swift; sourceTree = "<group>"; };
		95952D921F8F9B2900ECAB5B /* InstallViewController.swift */ = {isa = PBXFileReference; lastKnownFileType = sourcecode.swift; path = InstallViewController.swift; sourceTree = "<group>"; };
/* End PBXFileReference section */

/* Begin PBXFrameworksBuildPhase section */
		9540A45A1F7AE85300CBCBF7 /* Frameworks */ = {
			isa = PBXFrameworksBuildPhase;
			buildActionMask = 2147483647;
			files = (
				951731361FB35FBF00B8DF72 /* Alamofire.framework in Frameworks */,
			);
			runOnlyForDeploymentPostprocessing = 0;
		};
		9540A4711F7AE85300CBCBF7 /* Frameworks */ = {
			isa = PBXFrameworksBuildPhase;
			buildActionMask = 2147483647;
			files = (
			);
			runOnlyForDeploymentPostprocessing = 0;
		};
		9540A47C1F7AE85300CBCBF7 /* Frameworks */ = {
			isa = PBXFrameworksBuildPhase;
			buildActionMask = 2147483647;
			files = (
			);
			runOnlyForDeploymentPostprocessing = 0;
		};
/* End PBXFrameworksBuildPhase section */

/* Begin PBXGroup section */
		9517311E1FB35F3600B8DF72 /* Products */ = {
			isa = PBXGroup;
			children = (
				951731291FB35F3600B8DF72 /* Alamofire.framework */,
				9517312B1FB35F3600B8DF72 /* Alamofire iOS Tests.xctest */,
				9517312D1FB35F3600B8DF72 /* Alamofire.framework */,
				9517312F1FB35F3600B8DF72 /* Alamofire macOS Tests.xctest */,
				951731311FB35F3600B8DF72 /* Alamofire.framework */,
				951731331FB35F3600B8DF72 /* Alamofire tvOS Tests.xctest */,
				951731351FB35F3600B8DF72 /* Alamofire.framework */,
			);
			name = Products;
			sourceTree = "<group>";
		};
		9540A4541F7AE85300CBCBF7 = {
			isa = PBXGroup;
			children = (
				9517311D1FB35F3600B8DF72 /* Alamofire.xcodeproj */,
				958E9C111F7D5E8E00EE89B7 /* Alamofire.framework */,
				9540A45F1F7AE85300CBCBF7 /* SprintForm */,
				9540A4771F7AE85300CBCBF7 /* SprintFormTests */,
				9540A4821F7AE85300CBCBF7 /* SprintFormUITests */,
				9540A45E1F7AE85300CBCBF7 /* Products */,
			);
			sourceTree = "<group>";
		};
		9540A45E1F7AE85300CBCBF7 /* Products */ = {
			isa = PBXGroup;
			children = (
				9540A45D1F7AE85300CBCBF7 /* Sprint Form.app */,
				9540A4741F7AE85300CBCBF7 /* SprintFormTests.xctest */,
				9540A47F1F7AE85300CBCBF7 /* SprintFormUITests.xctest */,
			);
			name = Products;
			sourceTree = "<group>";
		};
		9540A45F1F7AE85300CBCBF7 /* SprintForm */ = {
			isa = PBXGroup;
			children = (
				958E9BF01F7C3B0A00EE89B7 /* PickerTriggerButton.swift */,
				9540A4931F7AE9C200CBCBF7 /* Assets */,
				9540A4601F7AE85300CBCBF7 /* AppDelegate.swift */,
				9540A4621F7AE85300CBCBF7 /* FormViewController.swift */,
				9540A4641F7AE85300CBCBF7 /* Main.storyboard */,
				9540A46A1F7AE85300CBCBF7 /* Assets.xcassets */,
				9540A46C1F7AE85300CBCBF7 /* LaunchScreen.storyboard */,
				9540A46F1F7AE85300CBCBF7 /* Info.plist */,
				9540A4671F7AE85300CBCBF7 /* SprintForm.xcdatamodeld */,
				958E9BEE1F7C2F7C00EE89B7 /* LeftPaddedTextField.swift */,
				958E9BF61F7D3C2D00EE89B7 /* ThankYouViewController.swift */,
				95952D921F8F9B2900ECAB5B /* InstallViewController.swift */,
				958E9C151F7D70EE00EE89B7 /* DataManager.swift */,
			);
			path = SprintForm;
			sourceTree = "<group>";
		};
		9540A4771F7AE85300CBCBF7 /* SprintFormTests */ = {
			isa = PBXGroup;
			children = (
				9540A4781F7AE85300CBCBF7 /* SprintFormTests.swift */,
				9540A47A1F7AE85300CBCBF7 /* Info.plist */,
			);
			path = SprintFormTests;
			sourceTree = "<group>";
		};
		9540A4821F7AE85300CBCBF7 /* SprintFormUITests */ = {
			isa = PBXGroup;
			children = (
				9540A4831F7AE85300CBCBF7 /* SprintFormUITests.swift */,
				9540A4851F7AE85300CBCBF7 /* Info.plist */,
			);
			path = SprintFormUITests;
			sourceTree = "<group>";
		};
		9540A4931F7AE9C200CBCBF7 /* Assets */ = {
			isa = PBXGroup;
			children = (
				958E9BF21F7C443E00EE89B7 /* States.plist */,
				9540A4941F7AEDFF00CBCBF7 /* fonts */,
			);
			path = Assets;
			sourceTree = "<group>";
		};
		9540A4941F7AEDFF00CBCBF7 /* fonts */ = {
			isa = PBXGroup;
			children = (
				9540A4991F7AEDFF00CBCBF7 /* Sprint Sans Web-Black Italic.ttf */,
				9540A49E1F7AEDFF00CBCBF7 /* Sprint Sans Web-Black.ttf */,
				9540A4A31F7AEDFF00CBCBF7 /* Sprint Sans Web-Bold Italic.ttf */,
				9540A4A81F7AEDFF00CBCBF7 /* Sprint Sans Web-Bold.ttf */,
				9540A4AD1F7AEDFF00CBCBF7 /* Sprint Sans Web-Medium Italic.ttf */,
				9540A4B21F7AEDFF00CBCBF7 /* Sprint Sans Web-Medium.ttf */,
				9540A4B71F7AEDFF00CBCBF7 /* Sprint Sans Web-Regular Italic.ttf */,
				9540A4BC1F7AEDFF00CBCBF7 /* Sprint Sans Web-Regular.ttf */,
			);
			path = fonts;
			sourceTree = "<group>";
		};
/* End PBXGroup section */

/* Begin PBXNativeTarget section */
		9540A45C1F7AE85300CBCBF7 /* SprintForm */ = {
			isa = PBXNativeTarget;
			buildConfigurationList = 9540A4881F7AE85300CBCBF7 /* Build configuration list for PBXNativeTarget "SprintForm" */;
			buildPhases = (
				9540A4591F7AE85300CBCBF7 /* Sources */,
				9540A45A1F7AE85300CBCBF7 /* Frameworks */,
				9540A45B1F7AE85300CBCBF7 /* Resources */,
				951731381FB35FBF00B8DF72 /* Embed Frameworks */,
			);
			buildRules = (
			);
			dependencies = (
			);
			name = SprintForm;
			productName = SprintForm;
			productReference = 9540A45D1F7AE85300CBCBF7 /* Sprint Form.app */;
			productType = "com.apple.product-type.application";
		};
		9540A4731F7AE85300CBCBF7 /* SprintFormTests */ = {
			isa = PBXNativeTarget;
			buildConfigurationList = 9540A48B1F7AE85300CBCBF7 /* Build configuration list for PBXNativeTarget "SprintFormTests" */;
			buildPhases = (
				9540A4701F7AE85300CBCBF7 /* Sources */,
				9540A4711F7AE85300CBCBF7 /* Frameworks */,
				9540A4721F7AE85300CBCBF7 /* Resources */,
			);
			buildRules = (
			);
			dependencies = (
				9540A4761F7AE85300CBCBF7 /* PBXTargetDependency */,
			);
			name = SprintFormTests;
			productName = SprintFormTests;
			productReference = 9540A4741F7AE85300CBCBF7 /* SprintFormTests.xctest */;
			productType = "com.apple.product-type.bundle.unit-test";
		};
		9540A47E1F7AE85300CBCBF7 /* SprintFormUITests */ = {
			isa = PBXNativeTarget;
			buildConfigurationList = 9540A48E1F7AE85300CBCBF7 /* Build configuration list for PBXNativeTarget "SprintFormUITests" */;
			buildPhases = (
				9540A47B1F7AE85300CBCBF7 /* Sources */,
				9540A47C1F7AE85300CBCBF7 /* Frameworks */,
				9540A47D1F7AE85300CBCBF7 /* Resources */,
			);
			buildRules = (
			);
			dependencies = (
				9540A4811F7AE85300CBCBF7 /* PBXTargetDependency */,
			);
			name = SprintFormUITests;
			productName = SprintFormUITests;
			productReference = 9540A47F1F7AE85300CBCBF7 /* SprintFormUITests.xctest */;
			productType = "com.apple.product-type.bundle.ui-testing";
		};
/* End PBXNativeTarget section */

/* Begin PBXProject section */
		9540A4551F7AE85300CBCBF7 /* Project object */ = {
			isa = PBXProject;
			attributes = {
				LastSwiftUpdateCheck = 0900;
				LastUpgradeCheck = 0900;
				ORGANIZATIONNAME = "JP Enterprises";
				TargetAttributes = {
					9540A45C1F7AE85300CBCBF7 = {
						CreatedOnToolsVersion = 9.0;
						ProvisioningStyle = Automatic;
					};
					9540A4731F7AE85300CBCBF7 = {
						CreatedOnToolsVersion = 9.0;
						ProvisioningStyle = Automatic;
						TestTargetID = 9540A45C1F7AE85300CBCBF7;
					};
					9540A47E1F7AE85300CBCBF7 = {
						CreatedOnToolsVersion = 9.0;
						ProvisioningStyle = Automatic;
						TestTargetID = 9540A45C1F7AE85300CBCBF7;
					};
				};
			};
			buildConfigurationList = 9540A4581F7AE85300CBCBF7 /* Build configuration list for PBXProject "SprintForm" */;
			compatibilityVersion = "Xcode 8.0";
			developmentRegion = en;
			hasScannedForEncodings = 0;
			knownRegions = (
				en,
				Base,
			);
			mainGroup = 9540A4541F7AE85300CBCBF7;
			productRefGroup = 9540A45E1F7AE85300CBCBF7 /* Products */;
			projectDirPath = "";
			projectReferences = (
				{
					ProductGroup = 9517311E1FB35F3600B8DF72 /* Products */;
					ProjectRef = 9517311D1FB35F3600B8DF72 /* Alamofire.xcodeproj */;
				},
			);
			projectRoot = "";
			targets = (
				9540A45C1F7AE85300CBCBF7 /* SprintForm */,
				9540A4731F7AE85300CBCBF7 /* SprintFormTests */,
				9540A47E1F7AE85300CBCBF7 /* SprintFormUITests */,
			);
		};
/* End PBXProject section */

/* Begin PBXReferenceProxy section */
		951731291FB35F3600B8DF72 /* Alamofire.framework */ = {
			isa = PBXReferenceProxy;
			fileType = wrapper.framework;
			path = Alamofire.framework;
			remoteRef = 951731281FB35F3600B8DF72 /* PBXContainerItemProxy */;
			sourceTree = BUILT_PRODUCTS_DIR;
		};
		9517312B1FB35F3600B8DF72 /* Alamofire iOS Tests.xctest */ = {
			isa = PBXReferenceProxy;
			fileType = wrapper.cfbundle;
			path = "Alamofire iOS Tests.xctest";
			remoteRef = 9517312A1FB35F3600B8DF72 /* PBXContainerItemProxy */;
			sourceTree = BUILT_PRODUCTS_DIR;
		};
		9517312D1FB35F3600B8DF72 /* Alamofire.framework */ = {
			isa = PBXReferenceProxy;
			fileType = wrapper.framework;
			path = Alamofire.framework;
			remoteRef = 9517312C1FB35F3600B8DF72 /* PBXContainerItemProxy */;
			sourceTree = BUILT_PRODUCTS_DIR;
		};
		9517312F1FB35F3600B8DF72 /* Alamofire macOS Tests.xctest */ = {
			isa = PBXReferenceProxy;
			fileType = wrapper.cfbundle;
			path = "Alamofire macOS Tests.xctest";
			remoteRef = 9517312E1FB35F3600B8DF72 /* PBXContainerItemProxy */;
			sourceTree = BUILT_PRODUCTS_DIR;
		};
		951731311FB35F3600B8DF72 /* Alamofire.framework */ = {
			isa = PBXReferenceProxy;
			fileType = wrapper.framework;
			path = Alamofire.framework;
			remoteRef = 951731301FB35F3600B8DF72 /* PBXContainerItemProxy */;
			sourceTree = BUILT_PRODUCTS_DIR;
		};
		951731331FB35F3600B8DF72 /* Alamofire tvOS Tests.xctest */ = {
			isa = PBXReferenceProxy;
			fileType = wrapper.cfbundle;
			path = "Alamofire tvOS Tests.xctest";
			remoteRef = 951731321FB35F3600B8DF72 /* PBXContainerItemProxy */;
			sourceTree = BUILT_PRODUCTS_DIR;
		};
		951731351FB35F3600B8DF72 /* Alamofire.framework */ = {
			isa = PBXReferenceProxy;
			fileType = wrapper.framework;
			path = Alamofire.framework;
			remoteRef = 951731341FB35F3600B8DF72 /* PBXContainerItemProxy */;
			sourceTree = BUILT_PRODUCTS_DIR;
		};
/* End PBXReferenceProxy section */

/* Begin PBXResourcesBuildPhase section */
		9540A45B1F7AE85300CBCBF7 /* Resources */ = {
			isa = PBXResourcesBuildPhase;
			buildActionMask = 2147483647;
			files = (
				9540A4C11F7AEE8B00CBCBF7 /* Sprint Sans Web-Black Italic.ttf in Resources */,
				9540A4C61F7AEE8B00CBCBF7 /* Sprint Sans Web-Black.ttf in Resources */,
				958E9BF31F7C443E00EE89B7 /* States.plist in Resources */,
				9540A4CB1F7AEE8B00CBCBF7 /* Sprint Sans Web-Bold Italic.ttf in Resources */,
				9540A4D01F7AEE8B00CBCBF7 /* Sprint Sans Web-Bold.ttf in Resources */,
				9540A4D51F7AEE8B00CBCBF7 /* Sprint Sans Web-Medium Italic.ttf in Resources */,
				9540A4DA1F7AEE8B00CBCBF7 /* Sprint Sans Web-Medium.ttf in Resources */,
				9540A4DF1F7AEE8B00CBCBF7 /* Sprint Sans Web-Regular Italic.ttf in Resources */,
				9540A4E41F7AEE8B00CBCBF7 /* Sprint Sans Web-Regular.ttf in Resources */,
				9540A46E1F7AE85300CBCBF7 /* LaunchScreen.storyboard in Resources */,
				9540A46B1F7AE85300CBCBF7 /* Assets.xcassets in Resources */,
				9540A4661F7AE85300CBCBF7 /* Main.storyboard in Resources */,
			);
			runOnlyForDeploymentPostprocessing = 0;
		};
		9540A4721F7AE85300CBCBF7 /* Resources */ = {
			isa = PBXResourcesBuildPhase;
			buildActionMask = 2147483647;
			files = (
			);
			runOnlyForDeploymentPostprocessing = 0;
		};
		9540A47D1F7AE85300CBCBF7 /* Resources */ = {
			isa = PBXResourcesBuildPhase;
			buildActionMask = 2147483647;
			files = (
			);
			runOnlyForDeploymentPostprocessing = 0;
		};
/* End PBXResourcesBuildPhase section */

/* Begin PBXSourcesBuildPhase section */
		9540A4591F7AE85300CBCBF7 /* Sources */ = {
			isa = PBXSourcesBuildPhase;
			buildActionMask = 2147483647;
			files = (
				9540A4631F7AE85300CBCBF7 /* FormViewController.swift in Sources */,
				958E9BF11F7C3B0A00EE89B7 /* PickerTriggerButton.swift in Sources */,
				9540A4691F7AE85300CBCBF7 /* SprintForm.xcdatamodeld in Sources */,
				958E9C161F7D70EE00EE89B7 /* DataManager.swift in Sources */,
				95952D931F8F9B2900ECAB5B /* InstallViewController.swift in Sources */,
				958E9BF71F7D3C2D00EE89B7 /* ThankYouViewController.swift in Sources */,
				958E9BEF1F7C2F7C00EE89B7 /* LeftPaddedTextField.swift in Sources */,
				9540A4611F7AE85300CBCBF7 /* AppDelegate.swift in Sources */,
			);
			runOnlyForDeploymentPostprocessing = 0;
		};
		9540A4701F7AE85300CBCBF7 /* Sources */ = {
			isa = PBXSourcesBuildPhase;
			buildActionMask = 2147483647;
			files = (
				9540A4791F7AE85300CBCBF7 /* SprintFormTests.swift in Sources */,
			);
			runOnlyForDeploymentPostprocessing = 0;
		};
		9540A47B1F7AE85300CBCBF7 /* Sources */ = {
			isa = PBXSourcesBuildPhase;
			buildActionMask = 2147483647;
			files = (
				9540A4841F7AE85300CBCBF7 /* SprintFormUITests.swift in Sources */,
			);
			runOnlyForDeploymentPostprocessing = 0;
		};
/* End PBXSourcesBuildPhase section */

/* Begin PBXTargetDependency section */
		9540A4761F7AE85300CBCBF7 /* PBXTargetDependency */ = {
			isa = PBXTargetDependency;
			target = 9540A45C1F7AE85300CBCBF7 /* SprintForm */;
			targetProxy = 9540A4751F7AE85300CBCBF7 /* PBXContainerItemProxy */;
		};
		9540A4811F7AE85300CBCBF7 /* PBXTargetDependency */ = {
			isa = PBXTargetDependency;
			target = 9540A45C1F7AE85300CBCBF7 /* SprintForm */;
			targetProxy = 9540A4801F7AE85300CBCBF7 /* PBXContainerItemProxy */;
		};
/* End PBXTargetDependency section */

/* Begin PBXVariantGroup section */
		9540A4641F7AE85300CBCBF7 /* Main.storyboard */ = {
			isa = PBXVariantGroup;
			children = (
				9540A4651F7AE85300CBCBF7 /* Base */,
			);
			name = Main.storyboard;
			sourceTree = "<group>";
		};
		9540A46C1F7AE85300CBCBF7 /* LaunchScreen.storyboard */ = {
			isa = PBXVariantGroup;
			children = (
				9540A46D1F7AE85300CBCBF7 /* Base */,
			);
			name = LaunchScreen.storyboard;
			sourceTree = "<group>";
		};
/* End PBXVariantGroup section */

/* Begin XCBuildConfiguration section */
		9540A4861F7AE85300CBCBF7 /* Debug */ = {
			isa = XCBuildConfiguration;
			buildSettings = {
				ALWAYS_SEARCH_USER_PATHS = NO;
				CLANG_ANALYZER_NONNULL = YES;
				CLANG_ANALYZER_NUMBER_OBJECT_CONVERSION = YES_AGGRESSIVE;
				CLANG_CXX_LANGUAGE_STANDARD = "gnu++14";
				CLANG_CXX_LIBRARY = "libc++";
				CLANG_ENABLE_MODULES = YES;
				CLANG_ENABLE_OBJC_ARC = YES;
				CLANG_WARN_BLOCK_CAPTURE_AUTORELEASING = YES;
				CLANG_WARN_BOOL_CONVERSION = YES;
				CLANG_WARN_COMMA = YES;
				CLANG_WARN_CONSTANT_CONVERSION = YES;
				CLANG_WARN_DIRECT_OBJC_ISA_USAGE = YES_ERROR;
				CLANG_WARN_DOCUMENTATION_COMMENTS = YES;
				CLANG_WARN_EMPTY_BODY = YES;
				CLANG_WARN_ENUM_CONVERSION = YES;
				CLANG_WARN_INFINITE_RECURSION = YES;
				CLANG_WARN_INT_CONVERSION = YES;
				CLANG_WARN_NON_LITERAL_NULL_CONVERSION = YES;
				CLANG_WARN_OBJC_LITERAL_CONVERSION = YES;
				CLANG_WARN_OBJC_ROOT_CLASS = YES_ERROR;
				CLANG_WARN_RANGE_LOOP_ANALYSIS = YES;
				CLANG_WARN_STRICT_PROTOTYPES = YES;
				CLANG_WARN_SUSPICIOUS_MOVE = YES;
				CLANG_WARN_UNGUARDED_AVAILABILITY = YES_AGGRESSIVE;
				CLANG_WARN_UNREACHABLE_CODE = YES;
				CLANG_WARN__DUPLICATE_METHOD_MATCH = YES;
				CODE_SIGN_IDENTITY = "iPhone Developer";
				COPY_PHASE_STRIP = NO;
				DEBUG_INFORMATION_FORMAT = dwarf;
				ENABLE_STRICT_OBJC_MSGSEND = YES;
				ENABLE_TESTABILITY = YES;
				GCC_C_LANGUAGE_STANDARD = gnu11;
				GCC_DYNAMIC_NO_PIC = NO;
				GCC_NO_COMMON_BLOCKS = YES;
				GCC_OPTIMIZATION_LEVEL = 0;
				GCC_PREPROCESSOR_DEFINITIONS = (
					"DEBUG=1",
					"$(inherited)",
				);
				GCC_WARN_64_TO_32_BIT_CONVERSION = YES;
				GCC_WARN_ABOUT_RETURN_TYPE = YES_ERROR;
				GCC_WARN_UNDECLARED_SELECTOR = YES;
				GCC_WARN_UNINITIALIZED_AUTOS = YES_AGGRESSIVE;
				GCC_WARN_UNUSED_FUNCTION = YES;
				GCC_WARN_UNUSED_VARIABLE = YES;
				IPHONEOS_DEPLOYMENT_TARGET = 10.3;
				MTL_ENABLE_DEBUG_INFO = YES;
				ONLY_ACTIVE_ARCH = YES;
				SDKROOT = iphoneos;
				SWIFT_ACTIVE_COMPILATION_CONDITIONS = DEBUG;
				SWIFT_OPTIMIZATION_LEVEL = "-Onone";
			};
			name = Debug;
		};
		9540A4871F7AE85300CBCBF7 /* Release */ = {
			isa = XCBuildConfiguration;
			buildSettings = {
				ALWAYS_SEARCH_USER_PATHS = NO;
				CLANG_ANALYZER_NONNULL = YES;
				CLANG_ANALYZER_NUMBER_OBJECT_CONVERSION = YES_AGGRESSIVE;
				CLANG_CXX_LANGUAGE_STANDARD = "gnu++14";
				CLANG_CXX_LIBRARY = "libc++";
				CLANG_ENABLE_MODULES = YES;
				CLANG_ENABLE_OBJC_ARC = YES;
				CLANG_WARN_BLOCK_CAPTURE_AUTORELEASING = YES;
				CLANG_WARN_BOOL_CONVERSION = YES;
				CLANG_WARN_COMMA = YES;
				CLANG_WARN_CONSTANT_CONVERSION = YES;
				CLANG_WARN_DIRECT_OBJC_ISA_USAGE = YES_ERROR;
				CLANG_WARN_DOCUMENTATION_COMMENTS = YES;
				CLANG_WARN_EMPTY_BODY = YES;
				CLANG_WARN_ENUM_CONVERSION = YES;
				CLANG_WARN_INFINITE_RECURSION = YES;
				CLANG_WARN_INT_CONVERSION = YES;
				CLANG_WARN_NON_LITERAL_NULL_CONVERSION = YES;
				CLANG_WARN_OBJC_LITERAL_CONVERSION = YES;
				CLANG_WARN_OBJC_ROOT_CLASS = YES_ERROR;
				CLANG_WARN_RANGE_LOOP_ANALYSIS = YES;
				CLANG_WARN_STRICT_PROTOTYPES = YES;
				CLANG_WARN_SUSPICIOUS_MOVE = YES;
				CLANG_WARN_UNGUARDED_AVAILABILITY = YES_AGGRESSIVE;
				CLANG_WARN_UNREACHABLE_CODE = YES;
				CLANG_WARN__DUPLICATE_METHOD_MATCH = YES;
				CODE_SIGN_IDENTITY = "iPhone Developer";
				COPY_PHASE_STRIP = NO;
				DEBUG_INFORMATION_FORMAT = "dwarf-with-dsym";
				ENABLE_NS_ASSERTIONS = NO;
				ENABLE_STRICT_OBJC_MSGSEND = YES;
				GCC_C_LANGUAGE_STANDARD = gnu11;
				GCC_NO_COMMON_BLOCKS = YES;
				GCC_WARN_64_TO_32_BIT_CONVERSION = YES;
				GCC_WARN_ABOUT_RETURN_TYPE = YES_ERROR;
				GCC_WARN_UNDECLARED_SELECTOR = YES;
				GCC_WARN_UNINITIALIZED_AUTOS = YES_AGGRESSIVE;
				GCC_WARN_UNUSED_FUNCTION = YES;
				GCC_WARN_UNUSED_VARIABLE = YES;
				IPHONEOS_DEPLOYMENT_TARGET = 10.3;
				MTL_ENABLE_DEBUG_INFO = NO;
				SDKROOT = iphoneos;
				SWIFT_OPTIMIZATION_LEVEL = "-Owholemodule";
				VALIDATE_PRODUCT = YES;
			};
			name = Release;
		};
		9540A4891F7AE85300CBCBF7 /* Debug */ = {
			isa = XCBuildConfiguration;
			buildSettings = {
				ASSETCATALOG_COMPILER_APPICON_NAME = AppIcon;
				CODE_SIGN_IDENTITY = "iPhone Developer";
				"CODE_SIGN_IDENTITY[sdk=iphoneos*]" = "iPhone Developer";
				CODE_SIGN_STYLE = Automatic;
				DEVELOPMENT_TEAM = 7A336587HG;
				INFOPLIST_FILE = SprintForm/Info.plist;
				IPHONEOS_DEPLOYMENT_TARGET = 10.3;
				LD_RUNPATH_SEARCH_PATHS = "$(inherited) @executable_path/Frameworks";
				PRODUCT_BUNDLE_IDENTIFIER = com.jpenterprises.SprintForm;
				PRODUCT_NAME = "Sprint Form";
				PROVISIONING_PROFILE = "";
				PROVISIONING_PROFILE_SPECIFIER = "";
				SWIFT_VERSION = 4.0;
				TARGETED_DEVICE_FAMILY = 2;
			};
			name = Debug;
		};
		9540A48A1F7AE85300CBCBF7 /* Release */ = {
			isa = XCBuildConfiguration;
			buildSettings = {
				ASSETCATALOG_COMPILER_APPICON_NAME = AppIcon;
				CODE_SIGN_IDENTITY = "iPhone Developer";
				"CODE_SIGN_IDENTITY[sdk=iphoneos*]" = "iPhone Developer";
				CODE_SIGN_STYLE = Automatic;
				DEVELOPMENT_TEAM = 7A336587HG;
				INFOPLIST_FILE = SprintForm/Info.plist;
				IPHONEOS_DEPLOYMENT_TARGET = 10.3;
				LD_RUNPATH_SEARCH_PATHS = "$(inherited) @executable_path/Frameworks";
				PRODUCT_BUNDLE_IDENTIFIER = com.jpenterprises.SprintForm;
				PRODUCT_NAME = "Sprint Form";
				PROVISIONING_PROFILE = "";
				PROVISIONING_PROFILE_SPECIFIER = "";
				SWIFT_VERSION = 4.0;
				TARGETED_DEVICE_FAMILY = 2;
			};
			name = Release;
		};
		9540A48C1F7AE85300CBCBF7 /* Debug */ = {
			isa = XCBuildConfiguration;
			buildSettings = {
				ALWAYS_EMBED_SWIFT_STANDARD_LIBRARIES = YES;
				BUNDLE_LOADER = "$(TEST_HOST)";
				CODE_SIGN_STYLE = Automatic;
				DEVELOPMENT_TEAM = 589548PDAV;
				INFOPLIST_FILE = SprintFormTests/Info.plist;
				LD_RUNPATH_SEARCH_PATHS = "$(inherited) @executable_path/Frameworks @loader_path/Frameworks";
				PRODUCT_BUNDLE_IDENTIFIER = com.jpenterprises.SprintFormTests;
				PRODUCT_NAME = "$(TARGET_NAME)";
				SWIFT_VERSION = 4.0;
				TARGETED_DEVICE_FAMILY = "1,2";
				TEST_HOST = "$(BUILT_PRODUCTS_DIR)/SprintForm.app/SprintForm";
			};
			name = Debug;
		};
		9540A48D1F7AE85300CBCBF7 /* Release */ = {
			isa = XCBuildConfiguration;
			buildSettings = {
				ALWAYS_EMBED_SWIFT_STANDARD_LIBRARIES = YES;
				BUNDLE_LOADER = "$(TEST_HOST)";
				CODE_SIGN_STYLE = Automatic;
				DEVELOPMENT_TEAM = 589548PDAV;
				INFOPLIST_FILE = SprintFormTests/Info.plist;
				LD_RUNPATH_SEARCH_PATHS = "$(inherited) @executable_path/Frameworks @loader_path/Frameworks";
				PRODUCT_BUNDLE_IDENTIFIER = com.jpenterprises.SprintFormTests;
				PRODUCT_NAME = "$(TARGET_NAME)";
				SWIFT_VERSION = 4.0;
				TARGETED_DEVICE_FAMILY = "1,2";
				TEST_HOST = "$(BUILT_PRODUCTS_DIR)/SprintForm.app/SprintForm";
			};
			name = Release;
		};
		9540A48F1F7AE85300CBCBF7 /* Debug */ = {
			isa = XCBuildConfiguration;
			buildSettings = {
				ALWAYS_EMBED_SWIFT_STANDARD_LIBRARIES = YES;
				CODE_SIGN_STYLE = Automatic;
				DEVELOPMENT_TEAM = 589548PDAV;
				INFOPLIST_FILE = SprintFormUITests/Info.plist;
				LD_RUNPATH_SEARCH_PATHS = "$(inherited) @executable_path/Frameworks @loader_path/Frameworks";
				PRODUCT_BUNDLE_IDENTIFIER = com.jpenterprises.SprintFormUITests;
				PRODUCT_NAME = "$(TARGET_NAME)";
				SWIFT_VERSION = 4.0;
				TARGETED_DEVICE_FAMILY = "1,2";
				TEST_TARGET_NAME = SprintForm;
			};
			name = Debug;
		};
		9540A4901F7AE85300CBCBF7 /* Release */ = {
			isa = XCBuildConfiguration;
			buildSettings = {
				ALWAYS_EMBED_SWIFT_STANDARD_LIBRARIES = YES;
				CODE_SIGN_STYLE = Automatic;
				DEVELOPMENT_TEAM = 589548PDAV;
				INFOPLIST_FILE = SprintFormUITests/Info.plist;
				LD_RUNPATH_SEARCH_PATHS = "$(inherited) @executable_path/Frameworks @loader_path/Frameworks";
				PRODUCT_BUNDLE_IDENTIFIER = com.jpenterprises.SprintFormUITests;
				PRODUCT_NAME = "$(TARGET_NAME)";
				SWIFT_VERSION = 4.0;
				TARGETED_DEVICE_FAMILY = "1,2";
				TEST_TARGET_NAME = SprintForm;
			};
			name = Release;
		};
/* End XCBuildConfiguration section */

/* Begin XCConfigurationList section */
		9540A4581F7AE85300CBCBF7 /* Build configuration list for PBXProject "SprintForm" */ = {
			isa = XCConfigurationList;
			buildConfigurations = (
				9540A4861F7AE85300CBCBF7 /* Debug */,
				9540A4871F7AE85300CBCBF7 /* Release */,
			);
			defaultConfigurationIsVisible = 0;
			defaultConfigurationName = Release;
		};
		9540A4881F7AE85300CBCBF7 /* Build configuration list for PBXNativeTarget "SprintForm" */ = {
			isa = XCConfigurationList;
			buildConfigurations = (
				9540A4891F7AE85300CBCBF7 /* Debug */,
				9540A48A1F7AE85300CBCBF7 /* Release */,
			);
			defaultConfigurationIsVisible = 0;
			defaultConfigurationName = Release;
		};
		9540A48B1F7AE85300CBCBF7 /* Build configuration list for PBXNativeTarget "SprintFormTests" */ = {
			isa = XCConfigurationList;
			buildConfigurations = (
				9540A48C1F7AE85300CBCBF7 /* Debug */,
				9540A48D1F7AE85300CBCBF7 /* Release */,
			);
			defaultConfigurationIsVisible = 0;
			defaultConfigurationName = Release;
		};
		9540A48E1F7AE85300CBCBF7 /* Build configuration list for PBXNativeTarget "SprintFormUITests" */ = {
			isa = XCConfigurationList;
			buildConfigurations = (
				9540A48F1F7AE85300CBCBF7 /* Debug */,
				9540A4901F7AE85300CBCBF7 /* Release */,
			);
			defaultConfigurationIsVisible = 0;
			defaultConfigurationName = Release;
		};
/* End XCConfigurationList section */

/* Begin XCVersionGroup section */
		9540A4671F7AE85300CBCBF7 /* SprintForm.xcdatamodeld */ = {
			isa = XCVersionGroup;
			children = (
				9540A4681F7AE85300CBCBF7 /* SprintForm.xcdatamodel */,
			);
			currentVersion = 9540A4681F7AE85300CBCBF7 /* SprintForm.xcdatamodel */;
			path = SprintForm.xcdatamodeld;
			sourceTree = "<group>";
			versionGroupType = wrapper.xcdatamodel;
		};
/* End XCVersionGroup section */
	};
	rootObject = 9540A4551F7AE85300CBCBF7 /* Project object */;
}
